lockfileVersion: '9.0'

settings:
  autoInstallPeers: true
  excludeLinksFromLockfile: false

catalogs:
  default:
    '@tsconfig/strictest':
      specifier: 2.0.8
      version: 2.0.8
    lefthook:
      specifier: 2.0.12
      version: 2.0.12
    oxfmt:
      specifier: 0.18.0
      version: 0.18.0
    oxlint:
      specifier: 1.33.0
      version: 1.33.0
    oxlint-tsgolint:
      specifier: 0.9.1
      version: 0.9.1
    typescript:
      specifier: 5.9.3
      version: 5.9.3

importers:

  .:
    devDependencies:
      '@tsconfig/strictest':
        specifier: 'catalog:'
        version: 2.0.8
      lefthook:
        specifier: 'catalog:'
        version: 2.0.12
      oxfmt:
        specifier: 'catalog:'
        version: 0.18.0
      oxlint:
        specifier: 'catalog:'
        version: 1.33.0(oxlint-tsgolint@0.9.1)
      oxlint-tsgolint:
        specifier: 'catalog:'
        version: 0.9.1
      typescript:
        specifier: 'catalog:'
        version: 5.9.3

packages:

  '@oxfmt/darwin-arm64@0.18.0':
    resolution: {integrity: sha512-Dp3mOFUtLtG/0eDclI3rx2be5FEnUxh2T6zlq7Zx5Q1c+DS9LJF8H97nQx+O/OU+o0e0J90kN8Msf9v3j7Hhsg==}
    cpu: [arm64]
    os: [darwin]

  '@oxfmt/darwin-x64@0.18.0':
    resolution: {integrity: sha512-Oe3KS4tdfLq+f1Ebje7D9BF7/0xmBYSMN6dWatSko1xfvu8oCZzKcNCcbwz0a8rBnoH/BnIiGFUEbgJDnA/JLQ==}
    cpu: [x64]
    os: [darwin]

  '@oxfmt/linux-arm64-gnu@0.18.0':
    resolution: {integrity: sha512-zW9z8LrAgL9bswgsaFOnQmoImCbq9YQST8B15FAoTeZYr9sb/VfdD6/PQEBLCptYlFmoTvmDNHjppi9g61NwHQ==}
    cpu: [arm64]
    os: [linux]
    libc: [glibc]

  '@oxfmt/linux-arm64-musl@0.18.0':
    resolution: {integrity: sha512-mFnpcasZZv1s/+6YDPradhIgR2G7GWr+mnzgJMIKQOJAtX3b0vzG+FE4f7hDIZPEUhC0hvZSd8f31FjAtrX0aQ==}
    cpu: [arm64]
    os: [linux]
    libc: [musl]

  '@oxfmt/linux-x64-gnu@0.18.0':
    resolution: {integrity: sha512-G1AXQNHVkPgVgRrAvDYdNi0x3gkvVyEmpL6WLMwoSjMnwYWQLt5/jrndHbS2Db8/CcmMo6VPP8lUQGvM4TRVaQ==}
    cpu: [x64]
    os: [linux]
    libc: [glibc]

  '@oxfmt/linux-x64-musl@0.18.0':
    resolution: {integrity: sha512-M/KEIMHDr5lcK9gDxgIGr9xVwX7Pfl3PZs+6e8SySuckMgoJMkee6uWxhMdxws3dfU94saAkVmNQzM2+l3hvtA==}
    cpu: [x64]
    os: [linux]
    libc: [musl]

  '@oxfmt/win32-arm64@0.18.0':
    resolution: {integrity: sha512-LunuNBTLOgfkYFjiHOeNHD/Ii5paO/GVyNPSEYBwEPULbdeMGnjHqxzQHLGU8QIQjwu55mp4uuBP0DAXTli2TQ==}
    cpu: [arm64]
    os: [win32]

  '@oxfmt/win32-x64@0.18.0':
    resolution: {integrity: sha512-0kJJwn4FPeGJ4uV6ofOCiY+oBKWg+RWpRjYc9bywTjDbxWR6JAqtuXkiARCJej8UD/rJeXnHYTF78sFALkwZyA==}
    cpu: [x64]
    os: [win32]

  '@oxlint-tsgolint/darwin-arm64@0.9.1':
    resolution: {integrity: sha512-vk+8kChWqN+F+QUOvp4/6jDTlDCzXPgYGkxdi6EOUSOmCP1ix0uYOlIi/ytH2imXmC8YfPgLR/1BhqbsuDKuew==}
    cpu: [arm64]
    os: [darwin]

  '@oxlint-tsgolint/darwin-x64@0.9.1':
    resolution: {integrity: sha512-yXmqr7El17+Oo56fWkPdUluU8d0jWxwRwAe1QZ0Xprxul9FHJeR/O2oYuBUngvCi02dbt0VZlwgJXcljQEdHlQ==}
    cpu: [x64]
    os: [darwin]

  '@oxlint-tsgolint/linux-arm64@0.9.1':
    resolution: {integrity: sha512-ukLb35BHSsxXaVEe8eIvYXMTxOdv8K4CySmtkWyc0pJT0q8zh85by1bsREWAP2hZc0wN0ClHjZHPdKY3958Jwg==}
    cpu: [arm64]
    os: [linux]

  '@oxlint-tsgolint/linux-x64@0.9.1':
    resolution: {integrity: sha512-kkxSS/meANLun4dHep2wnfvo8OHJKgdxzuY3RoooSWorVqw3/K5Qttmo0OQFt7UNq/oisn0YTaNhV28S0nAWyQ==}
    cpu: [x64]
    os: [linux]

  '@oxlint-tsgolint/win32-arm64@0.9.1':
    resolution: {integrity: sha512-F9tiZZRn3x+kjXJC8GAE5C5xkvD8b8unoFeh7mS5W4USAH8+AzYydzLev5rAW2uXdOqtkO30EJl0ygl68Zlb8w==}
    cpu: [arm64]
    os: [win32]

  '@oxlint-tsgolint/win32-x64@0.9.1':
    resolution: {integrity: sha512-DKTBgKUbycKNYgpWpglEHzkgiNVSG1rZmfiqw7w31keAq8q7avNGhz2WNmsRvXh8IGNw1PMb7vgxwUK8eyXIeg==}
    cpu: [x64]
    os: [win32]

  '@oxlint/darwin-arm64@1.33.0':
    resolution: {integrity: sha512-PmEQDLHAxiAdyttQ1ZWXd+5VpHLbHf3FTMJL9bg5TZamDnhNiW/v0Pamv3MTAdymnoDI3H8IVLAN/SAseV/adw==}
    cpu: [arm64]
    os: [darwin]

  '@oxlint/darwin-x64@1.33.0':
    resolution: {integrity: sha512-2R9aH3kR0X2M30z5agGikv3tfNTi8/uLhU5/tYktu33VGUXpbf0OLZSlD25UEuwOKAlf3RVtzV5oDyjoq93JuQ==}
    cpu: [x64]
    os: [darwin]

  '@oxlint/linux-arm64-gnu@1.33.0':
    resolution: {integrity: sha512-yb/k8GaMDgnX2LyO6km33kKItZ/n573SlbiHBBFU2HmeU7tzEHL5jHkHQXXcysUkapmqHd7UsDhOZDqPmXaQRg==}
    cpu: [arm64]
    os: [linux]
    libc: [glibc]

  '@oxlint/linux-arm64-musl@1.33.0':
    resolution: {integrity: sha512-03pt9IO1C4ZfVOW6SQiOK26mzklAhLM3Kc79OXpX1kgZRlxk+rvFoMhlgCOzn7tEdrEgbePkBoxNnwDnJDFqJQ==}
    cpu: [arm64]
    os: [linux]
    libc: [musl]

  '@oxlint/linux-x64-gnu@1.33.0':
    resolution: {integrity: sha512-Z7ImLWM50FoVXzYvyxUQ+QwBkBfRyK4YdLEGonyAGMp7iT3DksonDaTK9ODnJ1qHyAyAZCvuqXD7AEDsDvzDbA==}
    cpu: [x64]
    os: [linux]
    libc: [glibc]

  '@oxlint/linux-x64-musl@1.33.0':
    resolution: {integrity: sha512-idb55Uzu5kkqqpMiVUfI9nP7zOqPZinQKsIRQAIU40wILcf/ijvhNZKIu3ucDMmye0n6IWOaSnxIRL5W2fNoUQ==}
    cpu: [x64]
    os: [linux]
    libc: [musl]

  '@oxlint/win32-arm64@1.33.0':
    resolution: {integrity: sha512-wKKFt7cubfrLelNzdmDsNSmtBrlSUe1fWus587+uSxDZdpFbQ7liU0gsUlCbcHvym0H1Tc2O3K3cnLrgQORLPQ==}
    cpu: [arm64]
    os: [win32]

  '@oxlint/win32-x64@1.33.0':
    resolution: {integrity: sha512-ReyR8rNHjKNnO7dxGny9RCPELRAdhm3y780FNBcA07E1wvxSCkB+Mn5db0Pa5bRmxrsU/MTZ/aaBFa+ERXDdXw==}
    cpu: [x64]
    os: [win32]

  '@tsconfig/strictest@2.0.8':
    resolution: {integrity: sha512-XnQ7vNz5HRN0r88GYf1J9JJjqtZPiHt2woGJOo2dYqyHGGcd6OLGqSlBB6p1j9mpzja6Oe5BoPqWmeDx6X9rLw==}

  lefthook-darwin-arm64@2.0.12:
    resolution: {integrity: sha512-tuBz1sNLien+nKKb8BDopKjS6EnbXU8rQzhMVBY+bnVfsTiYDfbBr4wo/IzA5TcwoTL/b5somCJhljEw6DvSyg==}
    cpu: [arm64]
    os: [darwin]

  lefthook-darwin-x64@2.0.12:
    resolution: {integrity: sha512-FnuUMPPRMJyTEPXg6PotSrFJ8qf8FDLhhD1zLh74D+9Cye5j9n3lcrCQEjXubPT8du/GZLxMBjjffRbcZ8eYDA==}
    cpu: [x64]
    os: [darwin]

  lefthook-freebsd-arm64@2.0.12:
    resolution: {integrity: sha512-DXElB0qR5e6a8cXkFNYakhwCieypbfh6Y4QG39pzMnLsG03g/nhe093o6owfiUZ4mUFyDM6+0xmy0steOooF2g==}
    cpu: [arm64]
    os: [freebsd]

  lefthook-freebsd-x64@2.0.12:
    resolution: {integrity: sha512-iJN1ZxFeaDi4Fi3b9jcW9wgyNl19LOv2NaVOaAi/tG6mlIn196cmSdXkOA3+943ZbqbdfV9I+bBcIKwneXDA3Q==}
    cpu: [x64]
    os: [freebsd]

  lefthook-linux-arm64@2.0.12:
    resolution: {integrity: sha512-byvmO4Iri6P0COwM8c3lGgeCV3Q0hh1XJpRfrcZDr4Wslq9O63t6J3T6i87oOtY+UjC9pXLl6xGk6hlUcHZ3BQ==}
    cpu: [arm64]
    os: [linux]

  lefthook-linux-x64@2.0.12:
    resolution: {integrity: sha512-KBaiinmf336rA+/dmYs7H7TTeAOByB0CyLA7k8IecTCuaiuKr6ez7ktSjht19poa5G+V0mts4GgEGcx6HViR0w==}
    cpu: [x64]
    os: [linux]

  lefthook-openbsd-arm64@2.0.12:
    resolution: {integrity: sha512-1QBMXX1UW5rtgC4TB52OKWB7Rz/kCBRB+bKKLT/gDD79aPzLgJANTitQQzgFNIWoa7aM9UvzvIAJzOo6FcFIbg==}
    cpu: [arm64]
    os: [openbsd]

  lefthook-openbsd-x64@2.0.12:
    resolution: {integrity: sha512-zPcvUzs65GexRA37UHmaZqWuEGSU/zpBaPIY98MybXzzcJfCIf+O0oUQe2riMllwYGvNW0B1y3NOYRziDNe/vA==}
    cpu: [x64]
    os: [openbsd]

  lefthook-windows-arm64@2.0.12:
    resolution: {integrity: sha512-kgwxguS2GssoHM4SMTp+ArD/Gjg9q5MinD6iI5vSFpuJygD13ZWiXQQfESMHq9y/v1XkD0BdHTJej49dx8P+Vw==}
    cpu: [arm64]
    os: [win32]

  lefthook-windows-x64@2.0.12:
    resolution: {integrity: sha512-Tf/VtSOtF3rBTc9dzRWROa+HuhqaiIV+Xp+1gzlx5+uCueLM0m87Rz6yd4IN5mL7TrDaNkiRXI3FvjCp0dUE4Q==}
    cpu: [x64]
    os: [win32]

  lefthook@2.0.12:
    resolution: {integrity: sha512-I2FdA9cdnq1icwlNz4RADs7exuqe47q1N9+p2LmcP/WfchWh16mvTB82OAD7w7zK9GxblS9GpF7pASaOSl4c7A==}
    hasBin: true

  oxfmt@0.18.0:
    resolution: {integrity: sha512-XqVS+LQi7ARsFlIftB69+jGN2qQaJNBjQU2b9ZQYt+iaUV9digh+dBIsU0isQIZhaQ1ihxGFfsTYQXE/Oak8Qw==}
    engines: {node: ^20.19.0 || >=22.12.0}
    hasBin: true

  oxlint-tsgolint@0.9.1:
    resolution: {integrity: sha512-w1lIvUDkkiAPFyo268SFGrdh1LQ3Lcs1XShES7I4X75TliQA0os5XJ5hNZ4lYsSevqcofgEtq4xq7rBumv69iQ==}
    hasBin: true

  oxlint@1.33.0:
    resolution: {integrity: sha512-4WCL0K8jiOshwJ8WrVk35VAuVaZHC0iX6asjKsrENOrynkAAGcTLLx0Urf0eXZ1Tq7r+qAe3Z9EyHMFPzVyUkg==}
    engines: {node: ^20.19.0 || >=22.12.0}
    hasBin: true
    peerDependencies:
      oxlint-tsgolint: '>=0.9.0'
    peerDependenciesMeta:
      oxlint-tsgolint:
        optional: true

  tinypool@2.0.0:
    resolution: {integrity: sha512-/RX9RzeH2xU5ADE7n2Ykvmi9ED3FBGPAjw9u3zucrNNaEBIO0HPSYgL0NT7+3p147ojeSdaVu08F6hjpv31HJg==}
    engines: {node: ^20.0.0 || >=22.0.0}

  typescript@5.9.3:
    resolution: {integrity: sha512-jl1vZzPDinLr9eUt3J/t7V6FgNEw9QjvBPdysz9KfQDD41fQrC2Y4vKQdiaUpFT4bXlb1RHhLpp8wtm6M5TgSw==}
    engines: {node: '>=14.17'}
    hasBin: true

snapshots:

  '@oxfmt/darwin-arm64@0.18.0':
    optional: true

  '@oxfmt/darwin-x64@0.18.0':
    optional: true

  '@oxfmt/linux-arm64-gnu@0.18.0':
    optional: true

  '@oxfmt/linux-arm64-musl@0.18.0':
    optional: true

  '@oxfmt/linux-x64-gnu@0.18.0':
    optional: true

  '@oxfmt/linux-x64-musl@0.18.0':
    optional: true

  '@oxfmt/win32-arm64@0.18.0':
    optional: true

  '@oxfmt/win32-x64@0.18.0':
    optional: true

  '@oxlint-tsgolint/darwin-arm64@0.9.1':
    optional: true

  '@oxlint-tsgolint/darwin-x64@0.9.1':
    optional: true

  '@oxlint-tsgolint/linux-arm64@0.9.1':
    optional: true

  '@oxlint-tsgolint/linux-x64@0.9.1':
    optional: true

  '@oxlint-tsgolint/win32-arm64@0.9.1':
    optional: true

  '@oxlint-tsgolint/win32-x64@0.9.1':
    optional: true

  '@oxlint/darwin-arm64@1.33.0':
    optional: true

  '@oxlint/darwin-x64@1.33.0':
    optional: true

  '@oxlint/linux-arm64-gnu@1.33.0':
    optional: true

  '@oxlint/linux-arm64-musl@1.33.0':
    optional: true

  '@oxlint/linux-x64-gnu@1.33.0':
    optional: true

  '@oxlint/linux-x64-musl@1.33.0':
    optional: true

  '@oxlint/win32-arm64@1.33.0':
    optional: true

  '@oxlint/win32-x64@1.33.0':
    optional: true

  '@tsconfig/strictest@2.0.8': {}

  lefthook-darwin-arm64@2.0.12:
    optional: true

  lefthook-darwin-x64@2.0.12:
    optional: true

  lefthook-freebsd-arm64@2.0.12:
    optional: true

  lefthook-freebsd-x64@2.0.12:
    optional: true

  lefthook-linux-arm64@2.0.12:
    optional: true

  lefthook-linux-x64@2.0.12:
    optional: true

  lefthook-openbsd-arm64@2.0.12:
    optional: true

  lefthook-openbsd-x64@2.0.12:
    optional: true

  lefthook-windows-arm64@2.0.12:
    optional: true

  lefthook-windows-x64@2.0.12:
    optional: true

  lefthook@2.0.12:
    optionalDependencies:
      lefthook-darwin-arm64: 2.0.12
      lefthook-darwin-x64: 2.0.12
      lefthook-freebsd-arm64: 2.0.12
      lefthook-freebsd-x64: 2.0.12
      lefthook-linux-arm64: 2.0.12
      lefthook-linux-x64: 2.0.12
      lefthook-openbsd-arm64: 2.0.12
      lefthook-openbsd-x64: 2.0.12
      lefthook-windows-arm64: 2.0.12
      lefthook-windows-x64: 2.0.12

  oxfmt@0.18.0:
    dependencies:
      tinypool: 2.0.0
    optionalDependencies:
      '@oxfmt/darwin-arm64': 0.18.0
      '@oxfmt/darwin-x64': 0.18.0
      '@oxfmt/linux-arm64-gnu': 0.18.0
      '@oxfmt/linux-arm64-musl': 0.18.0
      '@oxfmt/linux-x64-gnu': 0.18.0
      '@oxfmt/linux-x64-musl': 0.18.0
      '@oxfmt/win32-arm64': 0.18.0
      '@oxfmt/win32-x64': 0.18.0

  oxlint-tsgolint@0.9.1:
    optionalDependencies:
      '@oxlint-tsgolint/darwin-arm64': 0.9.1
      '@oxlint-tsgolint/darwin-x64': 0.9.1
      '@oxlint-tsgolint/linux-arm64': 0.9.1
      '@oxlint-tsgolint/linux-x64': 0.9.1
      '@oxlint-tsgolint/win32-arm64': 0.9.1
      '@oxlint-tsgolint/win32-x64': 0.9.1

  oxlint@1.33.0(oxlint-tsgolint@0.9.1):
    optionalDependencies:
      '@oxlint/darwin-arm64': 1.33.0
      '@oxlint/darwin-x64': 1.33.0
      '@oxlint/linux-arm64-gnu': 1.33.0
      '@oxlint/linux-arm64-musl': 1.33.0
      '@oxlint/linux-x64-gnu': 1.33.0
      '@oxlint/linux-x64-musl': 1.33.0
      '@oxlint/win32-arm64': 1.33.0
      '@oxlint/win32-x64': 1.33.0
      oxlint-tsgolint: 0.9.1

  tinypool@2.0.0: {}

  typescript@5.9.3: {}
